
Microsoft Visual Studio Solution File, Format Version 12.00
# Visual Studio Version 16
VisualStudioVersion = 16.0.31129.286
MinimumVisualStudioVersion = 10.0.40219.1
Project("{FAE04EC0-301F-11D3-BF4B-00C04F79EFBC}") = "KeywordLinkMemo", "KeywordLinkMemo\KeywordLinkMemo.csproj", "{E838B4E4-2C69-47DC-8508-798575C95E72}"
EndProject
Global
	GlobalSection(SolutionConfigurationPlatforms) = preSolution
		Debug|Any CPU = Debug|Any CPU
		Release|Any CPU = Release|Any CPU
	EndGlobalSection
	GlobalSection(ProjectConfigurationPlatforms) = postSolution
		{E838B4E4-2C69-47DC-8508-798575C95E72}.Debug|Any CPU.ActiveCfg = Debug|Any CPU
		{E838B4E4-2C69-47DC-8508-798575C95E72}.Debug|Any CPU.Build.0 = Debug|Any CPU
		{E838B4E4-2C69-47DC-8508-798575C95E72}.Release|Any CPU.ActiveCfg = Release|Any CPU
		{E838B4E4-2C69-47DC-8508-798575C95E72}.Release|Any CPU.Build.0 = Release|Any CPU
	EndGlobalSection
	GlobalSection(SolutionProperties) = preSolution
		HideSolutionNode = FALSE
	EndGlobalSection
	GlobalSection(ExtensibilityGlobals) = postSolution
		SolutionGuid = {F1BA6C9E-015B-4C7F-98B1-8E2DBBD903D9}
	EndGlobalSection
EndGlobal
